github.com/assembla/cony v0.3.2 h1:C4xSKx+jrXAdLOVN9Eb6gR1c2oef5J5wZKTpSWA8C6A=
github.com/assembla/cony v0.3.2/go.mod h1:tc5T6tc0un/CDPqiSpLkTS2oUuiO34ab85YCKzSpkDw=
github.com/streadway/amqp v1.0.0 h1:kuuDrUJFZL1QYL9hUNuCxNObNzB0bV/ZG5jV3RWAQgo=
github.com/streadway/amqp v1.0.0/go.mod h1:AZpEONHx3DKn8O/DFsRAY58/XVQiIPMTMB1SddzLXVw=
